
Microsoft Visual Studio Solution File, Format Version 12.00
# Visual Studio Version 17
VisualStudioVersion = 17.0.32014.148
MinimumVisualStudioVersion = 10.0.40219.1
Project("{6EC3EE1D-3C4E-46DD-8F32-0CC8E7565705}") = "Day 01", "Day 01\Day 01.fsproj", "{1395CFB9-3D95-45E0-BD60-CF9A76E388A5}"
EndProject
Project("{6EC3EE1D-3C4E-46DD-8F32-0CC8E7565705}") = "Day 02", "Day 02\Day 02.fsproj", "{AAA04A30-D45B-4977-BC73-8AD11AB1036D}"
EndProject
Project("{6EC3EE1D-3C4E-46DD-8F32-0CC8E7565705}") = "Day 03", "Day 03\Day 03.fsproj", "{6107CCBC-C778-48FB-8AD9-542FEC0E3471}"
EndProject
Project("{6EC3EE1D-3C4E-46DD-8F32-0CC8E7565705}") = "Day 04", "Day 04\Day 04.fsproj", "{11E20FCE-2AF5-430F-A029-1CA0C922DE71}"
EndProject
Project("{6EC3EE1D-3C4E-46DD-8F32-0CC8E7565705}") = "Day 05", "Day 05\Day 05.fsproj", "{F5EA1241-7F31-46CE-B614-3F2559A28FAD}"
EndProject
Project("{6EC3EE1D-3C4E-46DD-8F32-0CC8E7565705}") = "Day 06", "Day 06\Day 06.fsproj", "{0248937E-830A-4AE5-9B8B-A10B07F10099}"
EndProject
Project("{6EC3EE1D-3C4E-46DD-8F32-0CC8E7565705}") = "Day 07", "Day 07\Day 07.fsproj", "{030DB6C9-B3F0-47C1-934E-E403D81C0E7C}"
EndProject
Project("{6EC3EE1D-3C4E-46DD-8F32-0CC8E7565705}") = "Day 08", "Day 08\Day 08.fsproj", "{98DB9749-A547-48FD-89E5-83C3D4A08ECE}"
EndProject
Project("{6EC3EE1D-3C4E-46DD-8F32-0CC8E7565705}") = "Day 09", "Day 09\Day 09.fsproj", "{753D0759-903E-4D41-86CB-A7774025A56F}"
EndProject
Project("{6EC3EE1D-3C4E-46DD-8F32-0CC8E7565705}") = "Day 10", "Day 10\Day 10.fsproj", "{D5EBDF0C-88DD-4072-81E1-0A700786A9B6}"
EndProject
Project("{6EC3EE1D-3C4E-46DD-8F32-0CC8E7565705}") = "Day 11", "Day 11\Day 11.fsproj", "{6DED3533-3A91-4BD5-A8F4-29258A199029}"
EndProject
Project("{6EC3EE1D-3C4E-46DD-8F32-0CC8E7565705}") = "Day 12", "Day 12\Day 12.fsproj", "{2EAFC700-62E6-4460-AE2B-8E98C9A8372E}"
EndProject
Project("{6EC3EE1D-3C4E-46DD-8F32-0CC8E7565705}") = "Day 13", "Day 13\Day 13.fsproj", "{C52479CF-7FE5-463D-B8CA-CCC8078554E0}"
EndProject
Project("{6EC3EE1D-3C4E-46DD-8F32-0CC8E7565705}") = "Day 14", "Day 14\Day 14.fsproj", "{5E2E3A03-8E2B-4879-9E09-B8D14056194E}"
EndProject
Project("{6EC3EE1D-3C4E-46DD-8F32-0CC8E7565705}") = "Day 15", "Day 15\Day 15.fsproj", "{693FFA03-0FA3-4209-AA63-8F922298E3FD}"
EndProject
Project("{6EC3EE1D-3C4E-46DD-8F32-0CC8E7565705}") = "Day 16", "Day 16\Day 16.fsproj", "{D594CFAB-F56E-4B87-9468-BEF6B3F7D9C0}"
EndProject
Project("{6EC3EE1D-3C4E-46DD-8F32-0CC8E7565705}") = "Day 18", "Day 18\Day 18.fsproj", "{417C3B4B-8ABB-4E5A-B73E-4537946E5726}"
EndProject
Project("{6EC3EE1D-3C4E-46DD-8F32-0CC8E7565705}") = "Day 19", "Day 19\Day 19.fsproj", "{996BDE33-1E26-498B-9275-28F2DA87FB08}"
EndProject
Project("{6EC3EE1D-3C4E-46DD-8F32-0CC8E7565705}") = "Day 20", "Day 20\Day 20.fsproj", "{C3D443E1-E3B1-4D22-A4FC-0469B3F9EDAF}"
EndProject
Project("{6EC3EE1D-3C4E-46DD-8F32-0CC8E7565705}") = "Day 21", "Day 21\Day 21.fsproj", "{BEBCC4E7-147E-4CF7-91E2-9CEC4C2B5B02}"
EndProject
Project("{6EC3EE1D-3C4E-46DD-8F32-0CC8E7565705}") = "Day 22", "Day 22\Day 22.fsproj", "{8E8AE5D3-4681-4E08-B90B-5CD698DB02C8}"
EndProject
Project("{6EC3EE1D-3C4E-46DD-8F32-0CC8E7565705}") = "Day 23", "Day 23\Day 23.fsproj", "{F2523B75-4049-4596-920B-A2EA74FA4C2D}"
EndProject
Global
	GlobalSection(SolutionConfigurationPlatforms) = preSolution
		Debug|Any CPU = Debug|Any CPU
		Release|Any CPU = Release|Any CPU
	EndGlobalSection
	GlobalSection(ProjectConfigurationPlatforms) = postSolution
		{1395CFB9-3D95-45E0-BD60-CF9A76E388A5}.Debug|Any CPU.ActiveCfg = Debug|Any CPU
		{1395CFB9-3D95-45E0-BD60-CF9A76E388A5}.Debug|Any CPU.Build.0 = Debug|Any CPU
		{1395CFB9-3D95-45E0-BD60-CF9A76E388A5}.Release|Any CPU.ActiveCfg = Release|Any CPU
		{1395CFB9-3D95-45E0-BD60-CF9A76E388A5}.Release|Any CPU.Build.0 = Release|Any CPU
		{AAA04A30-D45B-4977-BC73-8AD11AB1036D}.Debug|Any CPU.ActiveCfg = Debug|Any CPU
		{AAA04A30-D45B-4977-BC73-8AD11AB1036D}.Debug|Any CPU.Build.0 = Debug|Any CPU
		{AAA04A30-D45B-4977-BC73-8AD11AB1036D}.Release|Any CPU.ActiveCfg = Release|Any CPU
		{AAA04A30-D45B-4977-BC73-8AD11AB1036D}.Release|Any CPU.Build.0 = Release|Any CPU
		{6107CCBC-C778-48FB-8AD9-542FEC0E3471}.Debug|Any CPU.ActiveCfg = Debug|Any CPU
		{6107CCBC-C778-48FB-8AD9-542FEC0E3471}.Debug|Any CPU.Build.0 = Debug|Any CPU
		{6107CCBC-C778-48FB-8AD9-542FEC0E3471}.Release|Any CPU.ActiveCfg = Release|Any CPU
		{6107CCBC-C778-48FB-8AD9-542FEC0E3471}.Release|Any CPU.Build.0 = Release|Any CPU
		{11E20FCE-2AF5-430F-A029-1CA0C922DE71}.Debug|Any CPU.ActiveCfg = Debug|Any CPU
		{11E20FCE-2AF5-430F-A029-1CA0C922DE71}.Debug|Any CPU.Build.0 = Debug|Any CPU
		{11E20FCE-2AF5-430F-A029-1CA0C922DE71}.Release|Any CPU.ActiveCfg = Release|Any CPU
		{11E20FCE-2AF5-430F-A029-1CA0C922DE71}.Release|Any CPU.Build.0 = Release|Any CPU
		{F5EA1241-7F31-46CE-B614-3F2559A28FAD}.Debug|Any CPU.ActiveCfg = Debug|Any CPU
		{F5EA1241-7F31-46CE-B614-3F2559A28FAD}.Debug|Any CPU.Build.0 = Debug|Any CPU
		{F5EA1241-7F31-46CE-B614-3F2559A28FAD}.Release|Any CPU.ActiveCfg = Release|Any CPU
		{F5EA1241-7F31-46CE-B614-3F2559A28FAD}.Release|Any CPU.Build.0 = Release|Any CPU
		{0248937E-830A-4AE5-9B8B-A10B07F10099}.Debug|Any CPU.ActiveCfg = Debug|Any CPU
		{0248937E-830A-4AE5-9B8B-A10B07F10099}.Debug|Any CPU.Build.0 = Debug|Any CPU
		{0248937E-830A-4AE5-9B8B-A10B07F10099}.Release|Any CPU.ActiveCfg = Release|Any CPU
		{0248937E-830A-4AE5-9B8B-A10B07F10099}.Release|Any CPU.Build.0 = Release|Any CPU
		{030DB6C9-B3F0-47C1-934E-E403D81C0E7C}.Debug|Any CPU.ActiveCfg = Debug|Any CPU
		{030DB6C9-B3F0-47C1-934E-E403D81C0E7C}.Debug|Any CPU.Build.0 = Debug|Any CPU
		{030DB6C9-B3F0-47C1-934E-E403D81C0E7C}.Release|Any CPU.ActiveCfg = Release|Any CPU
		{030DB6C9-B3F0-47C1-934E-E403D81C0E7C}.Release|Any CPU.Build.0 = Release|Any CPU
		{98DB9749-A547-48FD-89E5-83C3D4A08ECE}.Debug|Any CPU.ActiveCfg = Debug|Any CPU
		{98DB9749-A547-48FD-89E5-83C3D4A08ECE}.Debug|Any CPU.Build.0 = Debug|Any CPU
		{98DB9749-A547-48FD-89E5-83C3D4A08ECE}.Release|Any CPU.ActiveCfg = Release|Any CPU
		{98DB9749-A547-48FD-89E5-83C3D4A08ECE}.Release|Any CPU.Build.0 = Release|Any CPU
		{753D0759-903E-4D41-86CB-A7774025A56F}.Debug|Any CPU.ActiveCfg = Debug|Any CPU
		{753D0759-903E-4D41-86CB-A7774025A56F}.Debug|Any CPU.Build.0 = Debug|Any CPU
		{753D0759-903E-4D41-86CB-A7774025A56F}.Release|Any CPU.ActiveCfg = Release|Any CPU
		{753D0759-903E-4D41-86CB-A7774025A56F}.Release|Any CPU.Build.0 = Release|Any CPU
		{D5EBDF0C-88DD-4072-81E1-0A700786A9B6}.Debug|Any CPU.ActiveCfg = Debug|Any CPU
		{D5EBDF0C-88DD-4072-81E1-0A700786A9B6}.Debug|Any CPU.Build.0 = Debug|Any CPU
		{D5EBDF0C-88DD-4072-81E1-0A700786A9B6}.Release|Any CPU.ActiveCfg = Release|Any CPU
		{D5EBDF0C-88DD-4072-81E1-0A700786A9B6}.Release|Any CPU.Build.0 = Release|Any CPU
		{6DED3533-3A91-4BD5-A8F4-29258A199029}.Debug|Any CPU.ActiveCfg = Debug|Any CPU
		{6DED3533-3A91-4BD5-A8F4-29258A199029}.Debug|Any CPU.Build.0 = Debug|Any CPU
		{6DED3533-3A91-4BD5-A8F4-29258A199029}.Release|Any CPU.ActiveCfg = Release|Any CPU
		{6DED3533-3A91-4BD5-A8F4-29258A199029}.Release|Any CPU.Build.0 = Release|Any CPU
		{2EAFC700-62E6-4460-AE2B-8E98C9A8372E}.Debug|Any CPU.ActiveCfg = Debug|Any CPU
		{2EAFC700-62E6-4460-AE2B-8E98C9A8372E}.Debug|Any CPU.Build.0 = Debug|Any CPU
		{2EAFC700-62E6-4460-AE2B-8E98C9A8372E}.Release|Any CPU.ActiveCfg = Release|Any CPU
		{2EAFC700-62E6-4460-AE2B-8E98C9A8372E}.Release|Any CPU.Build.0 = Release|Any CPU
		{C52479CF-7FE5-463D-B8CA-CCC8078554E0}.Debug|Any CPU.ActiveCfg = Debug|Any CPU
		{C52479CF-7FE5-463D-B8CA-CCC8078554E0}.Debug|Any CPU.Build.0 = Debug|Any CPU
		{C52479CF-7FE5-463D-B8CA-CCC8078554E0}.Release|Any CPU.ActiveCfg = Release|Any CPU
		{C52479CF-7FE5-463D-B8CA-CCC8078554E0}.Release|Any CPU.Build.0 = Release|Any CPU
		{5E2E3A03-8E2B-4879-9E09-B8D14056194E}.Debug|Any CPU.ActiveCfg = Debug|Any CPU
		{5E2E3A03-8E2B-4879-9E09-B8D14056194E}.Debug|Any CPU.Build.0 = Debug|Any CPU
		{5E2E3A03-8E2B-4879-9E09-B8D14056194E}.Release|Any CPU.ActiveCfg = Release|Any CPU
		{5E2E3A03-8E2B-4879-9E09-B8D14056194E}.Release|Any CPU.Build.0 = Release|Any CPU
		{693FFA03-0FA3-4209-AA63-8F922298E3FD}.Debug|Any CPU.ActiveCfg = Debug|Any CPU
		{693FFA03-0FA3-4209-AA63-8F922298E3FD}.Debug|Any CPU.Build.0 = Debug|Any CPU
		{693FFA03-0FA3-4209-AA63-8F922298E3FD}.Release|Any CPU.ActiveCfg = Release|Any CPU
		{693FFA03-0FA3-4209-AA63-8F922298E3FD}.Release|Any CPU.Build.0 = Release|Any CPU
		{D594CFAB-F56E-4B87-9468-BEF6B3F7D9C0}.Debug|Any CPU.ActiveCfg = Debug|Any CPU
		{D594CFAB-F56E-4B87-9468-BEF6B3F7D9C0}.Debug|Any CPU.Build.0 = Debug|Any CPU
		{D594CFAB-F56E-4B87-9468-BEF6B3F7D9C0}.Release|Any CPU.ActiveCfg = Release|Any CPU
		{D594CFAB-F56E-4B87-9468-BEF6B3F7D9C0}.Release|Any CPU.Build.0 = Release|Any CPU
		{417C3B4B-8ABB-4E5A-B73E-4537946E5726}.Debug|Any CPU.ActiveCfg = Debug|Any CPU
		{417C3B4B-8ABB-4E5A-B73E-4537946E5726}.Debug|Any CPU.Build.0 = Debug|Any CPU
		{417C3B4B-8ABB-4E5A-B73E-4537946E5726}.Release|Any CPU.ActiveCfg = Release|Any CPU
		{417C3B4B-8ABB-4E5A-B73E-4537946E5726}.Release|Any CPU.Build.0 = Release|Any CPU
		{996BDE33-1E26-498B-9275-28F2DA87FB08}.Debug|Any CPU.ActiveCfg = Debug|Any CPU
		{996BDE33-1E26-498B-9275-28F2DA87FB08}.Debug|Any CPU.Build.0 = Debug|Any CPU
		{996BDE33-1E26-498B-9275-28F2DA87FB08}.Release|Any CPU.ActiveCfg = Release|Any CPU
		{996BDE33-1E26-498B-9275-28F2DA87FB08}.Release|Any CPU.Build.0 = Release|Any CPU
		{C3D443E1-E3B1-4D22-A4FC-0469B3F9EDAF}.Debug|Any CPU.ActiveCfg = Debug|Any CPU
		{C3D443E1-E3B1-4D22-A4FC-0469B3F9EDAF}.Debug|Any CPU.Build.0 = Debug|Any CPU
		{C3D443E1-E3B1-4D22-A4FC-0469B3F9EDAF}.Release|Any CPU.ActiveCfg = Release|Any CPU
		{C3D443E1-E3B1-4D22-A4FC-0469B3F9EDAF}.Release|Any CPU.Build.0 = Release|Any CPU
		{BEBCC4E7-147E-4CF7-91E2-9CEC4C2B5B02}.Debug|Any CPU.ActiveCfg = Debug|Any CPU
		{BEBCC4E7-147E-4CF7-91E2-9CEC4C2B5B02}.Debug|Any CPU.Build.0 = Debug|Any CPU
		{BEBCC4E7-147E-4CF7-91E2-9CEC4C2B5B02}.Release|Any CPU.ActiveCfg = Release|Any CPU
		{BEBCC4E7-147E-4CF7-91E2-9CEC4C2B5B02}.Release|Any CPU.Build.0 = Release|Any CPU
		{8E8AE5D3-4681-4E08-B90B-5CD698DB02C8}.Debug|Any CPU.ActiveCfg = Debug|Any CPU
		{8E8AE5D3-4681-4E08-B90B-5CD698DB02C8}.Debug|Any CPU.Build.0 = Debug|Any CPU
		{8E8AE5D3-4681-4E08-B90B-5CD698DB02C8}.Release|Any CPU.ActiveCfg = Release|Any CPU
		{8E8AE5D3-4681-4E08-B90B-5CD698DB02C8}.Release|Any CPU.Build.0 = Release|Any CPU
		{F2523B75-4049-4596-920B-A2EA74FA4C2D}.Debug|Any CPU.ActiveCfg = Debug|Any CPU
		{F2523B75-4049-4596-920B-A2EA74FA4C2D}.Debug|Any CPU.Build.0 = Debug|Any CPU
		{F2523B75-4049-4596-920B-A2EA74FA4C2D}.Release|Any CPU.ActiveCfg = Release|Any CPU
		{F2523B75-4049-4596-920B-A2EA74FA4C2D}.Release|Any CPU.Build.0 = Release|Any CPU
	EndGlobalSection
	GlobalSection(SolutionProperties) = preSolution
		HideSolutionNode = FALSE
	EndGlobalSection
	GlobalSection(ExtensibilityGlobals) = postSolution
		SolutionGuid = {160C607F-5CEA-44D4-8EAB-1FDB7D5E5C3E}
	EndGlobalSection
EndGlobal
